# Generated by just update-lexicons. Do not edit.
# source URL commit
atproto https://github.com/bluesky-social/atproto.git 2e583a4ed26659923b2a1effd952fce937f0feeb
bsky https://github.com/bluesky-social/bsky.git e79c42ec3de8f90986d2fe413796b9773085d093
statusphere-example-app https://github.com/bluesky-social/statusphere-example-app.git dbb97738caa965c4b04efd281bfa1d2fbe4fffb3
