# Generated by just update-lexicons. Do not edit.
# source URL commit
atproto https://github.com/bluesky-social/atproto.git d3ceb6bbcad0f1a5c9b8daa2c81a4b4259c96e1d
bsky https://github.com/bluesky-social/bsky.git d4ca75637f50ad99a542f6b3a01726eceded5d92
statusphere-example-app https://github.com/bluesky-social/statusphere-example-app.git dbb97738caa965c4b04efd281bfa1d2fbe4fffb3
